{
  "version": 4,
  "terraform_version": "1.9.8",
  "serial": 1,
  "lineage": "d60fe6fc-aa36-33aa-0726-fdd82617b975",
  "outputs": {
    "server_ip": {
      "value": "127.0.0.1",
      "type": "string"
    }
  },
  "resources": [
    {
      "mode": "managed",
      "type": "docker_image",
      "name": "ubuntu_ssh",
      "provider": "provider[\"registry.terraform.io/kreuzwerker/docker\"]",
      "instances": [
        {
          "schema_version": 0,
          "attributes": {
            "build": [],
            "force_remove": null,
            "id": "sha256:08f01ce8fd9f39a3668146ffc9e62a94317a100007b9ddfebc6267a870f541aerastasheep/ubuntu-sshd:18.04",
            "image_id": "sha256:08f01ce8fd9f39a3668146ffc9e62a94317a100007b9ddfebc6267a870f541ae",
            "keep_locally": true,
            "name": "rastasheep/ubuntu-sshd:18.04",
            "platform": null,
            "pull_triggers": null,
            "repo_digest": "rastasheep/ubuntu-sshd@sha256:1df808ccf95c13b8e62548ad434829bc28ee701a65624e5c0440fc24482e4a62",
            "triggers": null
          },
          "sensitive_attributes": [],
          "private": "bnVsbA=="
        }
      ]
    }
  ],
  "check_results": null
}
